
Microsoft Visual Studio Solution File, Format Version 12.00
# Visual Studio Version 16
VisualStudioVersion = 16.0.31205.134
MinimumVisualStudioVersion = 10.0.40219.1
Project("{FAE04EC0-301F-11D3-BF4B-00C04F79EFBC}") = "WPF CSharpXAML hw4", "WPF CSharpXAML hw4\WPF CSharpXAML hw4.csproj", "{3A9A9DCC-5004-486A-9270-AEAEDC152480}"
EndProject
Global
	GlobalSection(SolutionConfigurationPlatforms) = preSolution
		Debug|Any CPU = Debug|Any CPU
		Release|Any CPU = Release|Any CPU
	EndGlobalSection
	GlobalSection(ProjectConfigurationPlatforms) = postSolution
		{3A9A9DCC-5004-486A-9270-AEAEDC152480}.Debug|Any CPU.ActiveCfg = Debug|Any CPU
		{3A9A9DCC-5004-486A-9270-AEAEDC152480}.Debug|Any CPU.Build.0 = Debug|Any CPU
		{3A9A9DCC-5004-486A-9270-AEAEDC152480}.Release|Any CPU.ActiveCfg = Release|Any CPU
		{3A9A9DCC-5004-486A-9270-AEAEDC152480}.Release|Any CPU.Build.0 = Release|Any CPU
	EndGlobalSection
	GlobalSection(SolutionProperties) = preSolution
		HideSolutionNode = FALSE
	EndGlobalSection
	GlobalSection(ExtensibilityGlobals) = postSolution
		SolutionGuid = {C126525E-E253-4B38-B1FF-BFAF8890894F}
	EndGlobalSection
EndGlobal
